Microsoft Visual Studio Solution File, Format Version 12.00
# Visual Studio Version 17
VisualStudioVersion = 17.5.2.0
MinimumVisualStudioVersion = 10.0.40219.1
Project("{FAE04EC0-301F-11D3-BF4B-00C04F79EFBC}") = "azure-search-function", "api\azure-search-function.csproj", "{F04A3EAA-1925-5D27-BD32-CB5A41208BC0}"
EndProject
Project("{FAE04EC0-301F-11D3-BF4B-00C04F79EFBC}") = "BulkInsert", "bulk-insert\BulkInsert.csproj", "{1829AA28-8389-0E06-4AFD-5A102CFC3015}"
EndProject
Project("{2150E333-8FDC-42A3-9474-1A3956D46DE8}") = "api", "api", "{D82C56D6-B2CD-F611-9E31-04638F7EC30E}"
EndProject
Project("{2150E333-8FDC-42A3-9474-1A3956D46DE8}") = "obj", "obj", "{DE7855AF-7336-D889-443A-2C13860797ED}"
EndProject
Project("{2150E333-8FDC-42A3-9474-1A3956D46DE8}") = "Debug", "Debug", "{7C12A11C-F55F-40E4-6B93-C32A2430011A}"
EndProject
Project("{2150E333-8FDC-42A3-9474-1A3956D46DE8}") = "net9.0", "net9.0", "{9EC8902D-1ADD-B59B-02AE-2BD197669E97}"
EndProject
Project("{FAE04EC0-301F-11D3-BF4B-00C04F79EFBC}") = "WorkerExtensions", "api\obj\Debug\net9.0\WorkerExtensions\WorkerExtensions.csproj", "{0FCB2503-1709-FBC4-6C3B-077E40CF6D20}"
EndProject
Project("{2150E333-8FDC-42A3-9474-1A3956D46DE8}") = "Release", "Release", "{C0A7B827-D65A-B0F4-A869-B55CF67F76AA}"
EndProject
Project("{2150E333-8FDC-42A3-9474-1A3956D46DE8}") = "net9.0", "net9.0", "{4E944138-7AD9-BC3C-E03C-205582DDE098}"
EndProject
Project("{FAE04EC0-301F-11D3-BF4B-00C04F79EFBC}") = "WorkerExtensions", "api\obj\Release\net9.0\WorkerExtensions\WorkerExtensions.csproj", "{F5E8CA9E-64FE-871C-572A-88CCD17A8921}"
EndProject
Global
	GlobalSection(SolutionConfigurationPlatforms) = preSolution
		Debug|Any CPU = Debug|Any CPU
		Release|Any CPU = Release|Any CPU
	EndGlobalSection
	GlobalSection(ProjectConfigurationPlatforms) = postSolution
		{F04A3EAA-1925-5D27-BD32-CB5A41208BC0}.Debug|Any CPU.ActiveCfg = Debug|Any CPU
		{F04A3EAA-1925-5D27-BD32-CB5A41208BC0}.Debug|Any CPU.Build.0 = Debug|Any CPU
		{F04A3EAA-1925-5D27-BD32-CB5A41208BC0}.Release|Any CPU.ActiveCfg = Release|Any CPU
		{F04A3EAA-1925-5D27-BD32-CB5A41208BC0}.Release|Any CPU.Build.0 = Release|Any CPU
		{1829AA28-8389-0E06-4AFD-5A102CFC3015}.Debug|Any CPU.ActiveCfg = Debug|Any CPU
		{1829AA28-8389-0E06-4AFD-5A102CFC3015}.Debug|Any CPU.Build.0 = Debug|Any CPU
		{1829AA28-8389-0E06-4AFD-5A102CFC3015}.Release|Any CPU.ActiveCfg = Release|Any CPU
		{1829AA28-8389-0E06-4AFD-5A102CFC3015}.Release|Any CPU.Build.0 = Release|Any CPU
		{0FCB2503-1709-FBC4-6C3B-077E40CF6D20}.Debug|Any CPU.ActiveCfg = Debug|Any CPU
		{0FCB2503-1709-FBC4-6C3B-077E40CF6D20}.Debug|Any CPU.Build.0 = Debug|Any CPU
		{0FCB2503-1709-FBC4-6C3B-077E40CF6D20}.Release|Any CPU.ActiveCfg = Release|Any CPU
		{0FCB2503-1709-FBC4-6C3B-077E40CF6D20}.Release|Any CPU.Build.0 = Release|Any CPU
		{F5E8CA9E-64FE-871C-572A-88CCD17A8921}.Debug|Any CPU.ActiveCfg = Debug|Any CPU
		{F5E8CA9E-64FE-871C-572A-88CCD17A8921}.Debug|Any CPU.Build.0 = Debug|Any CPU
		{F5E8CA9E-64FE-871C-572A-88CCD17A8921}.Release|Any CPU.ActiveCfg = Release|Any CPU
		{F5E8CA9E-64FE-871C-572A-88CCD17A8921}.Release|Any CPU.Build.0 = Release|Any CPU
	EndGlobalSection
	GlobalSection(SolutionProperties) = preSolution
		HideSolutionNode = FALSE
	EndGlobalSection
	GlobalSection(NestedProjects) = preSolution
		{DE7855AF-7336-D889-443A-2C13860797ED} = {D82C56D6-B2CD-F611-9E31-04638F7EC30E}
		{7C12A11C-F55F-40E4-6B93-C32A2430011A} = {DE7855AF-7336-D889-443A-2C13860797ED}
		{9EC8902D-1ADD-B59B-02AE-2BD197669E97} = {7C12A11C-F55F-40E4-6B93-C32A2430011A}
		{0FCB2503-1709-FBC4-6C3B-077E40CF6D20} = {9EC8902D-1ADD-B59B-02AE-2BD197669E97}
		{C0A7B827-D65A-B0F4-A869-B55CF67F76AA} = {DE7855AF-7336-D889-443A-2C13860797ED}
		{4E944138-7AD9-BC3C-E03C-205582DDE098} = {C0A7B827-D65A-B0F4-A869-B55CF67F76AA}
		{F5E8CA9E-64FE-871C-572A-88CCD17A8921} = {4E944138-7AD9-BC3C-E03C-205582DDE098}
	EndGlobalSection
	GlobalSection(ExtensibilityGlobals) = postSolution
		SolutionGuid = {3BC169F6-4326-4BDE-956D-96F3DA0BF3AE}
	EndGlobalSection
EndGlobal
